lockfileVersion: '9.0'

settings:
  autoInstallPeers: true
  excludeLinksFromLockfile: false

importers:

  .:
    devDependencies:
      rimraf:
        specifier: 6.1.2
        version: 6.1.2
      turbo:
        specifier: 2.6.3
        version: 2.6.3
      typescript:
        specifier: 5.8.2
        version: 5.8.2

packages:

  '@isaacs/balanced-match@4.0.1':
    resolution: {integrity: sha512-yzMTt9lEb8Gv7zRioUilSglI0c0smZ9k5D65677DLWLtWJaXIS3CqcGyUFByYKlnUj6TkjLVs54fBl6+TiGQDQ==}
    engines: {node: 20 || >=22}

  '@isaacs/brace-expansion@5.0.0':
    resolution: {integrity: sha512-ZT55BDLV0yv0RBm2czMiZ+SqCGO7AvmOM3G/w2xhVPH+te0aKgFjmBvGlL1dH+ql2tgGO3MVrbb3jCKyvpgnxA==}
    engines: {node: 20 || >=22}

  glob@13.0.0:
    resolution: {integrity: sha512-tvZgpqk6fz4BaNZ66ZsRaZnbHvP/jG3uKJvAZOwEVUL4RTA5nJeeLYfyN9/VA8NX/V3IBG+hkeuGpKjvELkVhA==}
    engines: {node: 20 || >=22}

  lru-cache@11.2.4:
    resolution: {integrity: sha512-B5Y16Jr9LB9dHVkh6ZevG+vAbOsNOYCX+sXvFWFu7B3Iz5mijW3zdbMyhsh8ANd2mSWBYdJgnqi+mL7/LrOPYg==}
    engines: {node: 20 || >=22}

  minimatch@10.1.1:
    resolution: {integrity: sha512-enIvLvRAFZYXJzkCYG5RKmPfrFArdLv+R+lbQ53BmIMLIry74bjKzX6iHAm8WYamJkhSSEabrWN5D97XnKObjQ==}
    engines: {node: 20 || >=22}

  minipass@7.1.2:
    resolution: {integrity: sha512-qOOzS1cBTWYF4BH8fVePDBOO9iptMnGUEZwNc/cMWnTV2nVLZ7VoNWEPHkYczZA0pdoA7dl6e7FL659nX9S2aw==}
    engines: {node: '>=16 || 14 >=14.17'}

  package-json-from-dist@1.0.1:
    resolution: {integrity: sha512-UEZIS3/by4OC8vL3P2dTXRETpebLI2NiI5vIrjaD/5UtrkFX/tNbwjTSRAGC/+7CAo2pIcBaRgWmcBBHcsaCIw==}

  path-scurry@2.0.1:
    resolution: {integrity: sha512-oWyT4gICAu+kaA7QWk/jvCHWarMKNs6pXOGWKDTr7cw4IGcUbW+PeTfbaQiLGheFRpjo6O9J0PmyMfQPjH71oA==}
    engines: {node: 20 || >=22}

  rimraf@6.1.2:
    resolution: {integrity: sha512-cFCkPslJv7BAXJsYlK1dZsbP8/ZNLkCAQ0bi1hf5EKX2QHegmDFEFA6QhuYJlk7UDdc+02JjO80YSOrWPpw06g==}
    engines: {node: 20 || >=22}
    hasBin: true

  turbo-darwin-64@2.6.3:
    resolution: {integrity: sha512-BlJJDc1CQ7SK5Y5qnl7AzpkvKSnpkfPmnA+HeU/sgny3oHZckPV2776ebO2M33CYDSor7+8HQwaodY++IINhYg==}
    cpu: [x64]
    os: [darwin]

  turbo-darwin-arm64@2.6.3:
    resolution: {integrity: sha512-MwVt7rBKiOK7zdYerenfCRTypefw4kZCue35IJga9CH1+S50+KTiCkT6LBqo0hHeoH2iKuI0ldTF2a0aB72z3w==}
    cpu: [arm64]
    os: [darwin]

  turbo-linux-64@2.6.3:
    resolution: {integrity: sha512-cqpcw+dXxbnPtNnzeeSyWprjmuFVpHJqKcs7Jym5oXlu/ZcovEASUIUZVN3OGEM6Y/OTyyw0z09tOHNt5yBAVg==}
    cpu: [x64]
    os: [linux]

  turbo-linux-arm64@2.6.3:
    resolution: {integrity: sha512-MterpZQmjXyr4uM7zOgFSFL3oRdNKeflY7nsjxJb2TklsYqiu3Z9pQ4zRVFFH8n0mLGna7MbQMZuKoWqqHb45w==}
    cpu: [arm64]
    os: [linux]

  turbo-windows-64@2.6.3:
    resolution: {integrity: sha512-biDU70v9dLwnBdLf+daoDlNJVvqOOP8YEjqNipBHzgclbQlXbsi6Gqqelp5er81Qo3BiRgmTNx79oaZQTPb07Q==}
    cpu: [x64]
    os: [win32]

  turbo-windows-arm64@2.6.3:
    resolution: {integrity: sha512-dDHVKpSeukah3VsI/xMEKeTnV9V9cjlpFSUs4bmsUiLu3Yv2ENlgVEZv65wxbeE0bh0jjpmElDT+P1KaCxArQQ==}
    cpu: [arm64]
    os: [win32]

  turbo@2.6.3:
    resolution: {integrity: sha512-bf6YKUv11l5Xfcmg76PyWoy/e2vbkkxFNBGJSnfdSXQC33ZiUfutYh6IXidc5MhsnrFkWfdNNLyaRk+kHMLlwA==}
    hasBin: true

  typescript@5.8.2:
    resolution: {integrity: sha512-aJn6wq13/afZp/jT9QZmwEjDqqvSGp1VT5GVg+f/t6/oVyrgXM6BY1h9BRh/O5p3PlUPAe+WuiEZOmb/49RqoQ==}
    engines: {node: '>=14.17'}
    hasBin: true

snapshots:

  '@isaacs/balanced-match@4.0.1': {}

  '@isaacs/brace-expansion@5.0.0':
    dependencies:
      '@isaacs/balanced-match': 4.0.1

  glob@13.0.0:
    dependencies:
      minimatch: 10.1.1
      minipass: 7.1.2
      path-scurry: 2.0.1

  lru-cache@11.2.4: {}

  minimatch@10.1.1:
    dependencies:
      '@isaacs/brace-expansion': 5.0.0

  minipass@7.1.2: {}

  package-json-from-dist@1.0.1: {}

  path-scurry@2.0.1:
    dependencies:
      lru-cache: 11.2.4
      minipass: 7.1.2

  rimraf@6.1.2:
    dependencies:
      glob: 13.0.0
      package-json-from-dist: 1.0.1

  turbo-darwin-64@2.6.3:
    optional: true

  turbo-darwin-arm64@2.6.3:
    optional: true

  turbo-linux-64@2.6.3:
    optional: true

  turbo-linux-arm64@2.6.3:
    optional: true

  turbo-windows-64@2.6.3:
    optional: true

  turbo-windows-arm64@2.6.3:
    optional: true

  turbo@2.6.3:
    optionalDependencies:
      turbo-darwin-64: 2.6.3
      turbo-darwin-arm64: 2.6.3
      turbo-linux-64: 2.6.3
      turbo-linux-arm64: 2.6.3
      turbo-windows-64: 2.6.3
      turbo-windows-arm64: 2.6.3

  typescript@5.8.2: {}
